<?xml version="1.0" encoding="utf-8"?>
<Project ToolsVersion="17.0" xmlns="http://schemas.microsoft.com/developer/msbuild/2003">
  <ItemGroup>
    <ClCompile Include="C:\Users\thefu\Documents\Computer Graphics Coursework 2025\Computer-Graphics-Coursework-2025\source\coursework.cpp">
      <Filter>Source Files</Filter>
    </ClCompile>
    <ClCompile Include="C:\Users\thefu\Documents\Computer Graphics Coursework 2025\Computer-Graphics-Coursework-2025\common\maths.cpp">
      <Filter>Source Files</Filter>
    </ClCompile>
    <ClCompile Include="C:\Users\thefu\Documents\Computer Graphics Coursework 2025\Computer-Graphics-Coursework-2025\common\camera.cpp">
      <Filter>Source Files</Filter>
    </ClCompile>
    <ClCompile Include="C:\Users\thefu\Documents\Computer Graphics Coursework 2025\Computer-Graphics-Coursework-2025\common\model.cpp">
      <Filter>Source Files</Filter>
    </ClCompile>
    <ClCompile Include="C:\Users\thefu\Documents\Computer Graphics Coursework 2025\Computer-Graphics-Coursework-2025\common\light.cpp">
      <Filter>Source Files</Filter>
    </ClCompile>
  </ItemGroup>
  <ItemGroup>
    <ClInclude Include="C:\Users\thefu\Documents\Computer Graphics Coursework 2025\Computer-Graphics-Coursework-2025\common\shader.hpp">
      <Filter>Header Files</Filter>
    </ClInclude>
    <ClInclude Include="C:\Users\thefu\Documents\Computer Graphics Coursework 2025\Computer-Graphics-Coursework-2025\common\texture.hpp">
      <Filter>Header Files</Filter>
    </ClInclude>
    <ClInclude Include="C:\Users\thefu\Documents\Computer Graphics Coursework 2025\Computer-Graphics-Coursework-2025\common\stb_image.hpp">
      <Filter>Header Files</Filter>
    </ClInclude>
    <ClInclude Include="C:\Users\thefu\Documents\Computer Graphics Coursework 2025\Computer-Graphics-Coursework-2025\common\maths.hpp">
      <Filter>Header Files</Filter>
    </ClInclude>
    <ClInclude Include="C:\Users\thefu\Documents\Computer Graphics Coursework 2025\Computer-Graphics-Coursework-2025\common\camera.hpp">
      <Filter>Header Files</Filter>
    </ClInclude>
    <ClInclude Include="C:\Users\thefu\Documents\Computer Graphics Coursework 2025\Computer-Graphics-Coursework-2025\common\model.hpp">
      <Filter>Header Files</Filter>
    </ClInclude>
    <ClInclude Include="C:\Users\thefu\Documents\Computer Graphics Coursework 2025\Computer-Graphics-Coursework-2025\common\light.hpp">
      <Filter>Header Files</Filter>
    </ClInclude>
  </ItemGroup>
  <ItemGroup>
    <CustomBuild Include="C:\Users\thefu\Documents\Computer Graphics Coursework 2025\Computer-Graphics-Coursework-2025\CMakeLists.txt" />
  </ItemGroup>
  <ItemGroup>
    <None Include="C:\Users\thefu\Documents\Computer Graphics Coursework 2025\Computer-Graphics-Coursework-2025\source\vertexShader.glsl" />
    <None Include="C:\Users\thefu\Documents\Computer Graphics Coursework 2025\Computer-Graphics-Coursework-2025\source\fragmentShader.glsl" />
  </ItemGroup>
  <ItemGroup>
    <Filter Include="Header Files">
      <UniqueIdentifier>{8F56485E-5AAA-3819-AC76-3A0E63B608EB}</UniqueIdentifier>
    </Filter>
    <Filter Include="Source Files">
      <UniqueIdentifier>{6ABD171E-D6CD-30DF-AC27-0E08D9547F88}</UniqueIdentifier>
    </Filter>
  </ItemGroup>
</Project>
